
Microsoft Visual Studio Solution File, Format Version 12.00
# Visual Studio Version 16
VisualStudioVersion = 16.0.29613.14
MinimumVisualStudioVersion = 10.0.40219.1
Project("{FAE04EC0-301F-11D3-BF4B-00C04F79EFBC}") = "Autofac-Demo", "Autofac-Demo.csproj", "{35373A44-96D7-49D2-ABEC-85EA0B4F8425}"
EndProject
Project("{FAE04EC0-301F-11D3-BF4B-00C04F79EFBC}") = "DemoLibrary", "DemoLibrary\DemoLibrary.csproj", "{CC99D4CA-0321-483D-B9DD-CA408BCA3D56}"
EndProject
Global
	GlobalSection(SolutionConfigurationPlatforms) = preSolution
		Debug|Any CPU = Debug|Any CPU
		Release|Any CPU = Release|Any CPU
	EndGlobalSection
	GlobalSection(ProjectConfigurationPlatforms) = postSolution
		{35373A44-96D7-49D2-ABEC-85EA0B4F8425}.Debug|Any CPU.ActiveCfg = Debug|Any CPU
		{35373A44-96D7-49D2-ABEC-85EA0B4F8425}.Debug|Any CPU.Build.0 = Debug|Any CPU
		{35373A44-96D7-49D2-ABEC-85EA0B4F8425}.Release|Any CPU.ActiveCfg = Release|Any CPU
		{35373A44-96D7-49D2-ABEC-85EA0B4F8425}.Release|Any CPU.Build.0 = Release|Any CPU
		{CC99D4CA-0321-483D-B9DD-CA408BCA3D56}.Debug|Any CPU.ActiveCfg = Debug|Any CPU
		{CC99D4CA-0321-483D-B9DD-CA408BCA3D56}.Debug|Any CPU.Build.0 = Debug|Any CPU
		{CC99D4CA-0321-483D-B9DD-CA408BCA3D56}.Release|Any CPU.ActiveCfg = Release|Any CPU
		{CC99D4CA-0321-483D-B9DD-CA408BCA3D56}.Release|Any CPU.Build.0 = Release|Any CPU
	EndGlobalSection
	GlobalSection(SolutionProperties) = preSolution
		HideSolutionNode = FALSE
	EndGlobalSection
	GlobalSection(ExtensibilityGlobals) = postSolution
		SolutionGuid = {33343340-6B3B-4BBA-AC92-FC723179EFBB}
	EndGlobalSection
EndGlobal
